
Microsoft Visual Studio Solution File, Format Version 12.00
# Visual Studio Version 17
VisualStudioVersion = 17.14.36127.28 d17.14
MinimumVisualStudioVersion = 10.0.40219.1
Project("{FAE04EC0-301F-11D3-BF4B-00C04F79EFBC}") = "Loja_Software", "Loja_Software\Loja_Software.csproj", "{ED187D7D-C5AD-447D-BAC6-A012229AA174}"
EndProject
Global
	GlobalSection(SolutionConfigurationPlatforms) = preSolution
		Debug|Any CPU = Debug|Any CPU
		Release|Any CPU = Release|Any CPU
	EndGlobalSection
	GlobalSection(ProjectConfigurationPlatforms) = postSolution
		{ED187D7D-C5AD-447D-BAC6-A012229AA174}.Debug|Any CPU.ActiveCfg = Debug|Any CPU
		{ED187D7D-C5AD-447D-BAC6-A012229AA174}.Debug|Any CPU.Build.0 = Debug|Any CPU
		{ED187D7D-C5AD-447D-BAC6-A012229AA174}.Release|Any CPU.ActiveCfg = Release|Any CPU
		{ED187D7D-C5AD-447D-BAC6-A012229AA174}.Release|Any CPU.Build.0 = Release|Any CPU
	EndGlobalSection
	GlobalSection(SolutionProperties) = preSolution
		HideSolutionNode = FALSE
	EndGlobalSection
	GlobalSection(ExtensibilityGlobals) = postSolution
		SolutionGuid = {CC18FE96-797F-4E79-8D7B-6448B2356E46}
	EndGlobalSection
EndGlobal
